# Generated by pub
# See https://dart.dev/tools/pub/glossary#lockfile
packages:
  async:
    dependency: transitive
    description:
      name: async
      sha256: "758e6d74e971c3e5aceb4110bfd6698efc7f501675bcfe0c775459a8140750eb"
      url: "https://pub.dev"
    source: hosted
    version: "2.13.0"
  boolean_selector:
    dependency: transitive
    description:
      name: boolean_selector
      sha256: "8aab1771e1243a5063b8b0ff68042d67334e3feab9e95b9490f9a6ebf73b42ea"
      url: "https://pub.dev"
    source: hosted
    version: "2.1.2"
  characters:
    dependency: transitive
    description:
      name: characters
      sha256: f71061c654a3380576a52b451dd5532377954cf9dbd272a78fc8479606670803
      url: "https://pub.dev"
    source: hosted
    version: "1.4.0"
  clock:
    dependency: transitive
    description:
      name: clock
      sha256: fddb70d9b5277016c77a80201021d40a2247104d9f4aa7bab7157b7e3f05b84b
      url: "https://pub.dev"
    source: hosted
    version: "1.1.2"
  collection:
    dependency: transitive
    description:
      name: collection
      sha256: "2f5709ae4d3d59dd8f7cd309b4e023046b57d8a6c82130785d2b0e5868084e76"
      url: "https://pub.dev"
    source: hosted
    version: "1.19.1"
  dot_camera:
    dependency: transitive
    description:
      name: dot_camera
      sha256: "504e569eef0f811c193c66bcd8b9cd43ef8357fd4910a71958aa4c955af36441"
      url: "https://pub.dev"
    source: hosted
    version: "0.10.0"
  dot_core:
    dependency: transitive
    description:
      name: dot_core
      sha256: "5a8838c0c6f7b3bb885d70d2ef7822858e81222eb093ae7bb152ffd535a1c381"
      url: "https://pub.dev"
    source: hosted
    version: "0.10.0"
  dot_core_android:
    dependency: transitive
    description:
      name: dot_core_android
      sha256: bd205c0a46823e5ffb13fd4b3293eb0ba34262dc2022d0da93fdcecc27e81914
      url: "https://pub.dev"
    source: hosted
    version: "0.10.0"
  dot_core_ios:
    dependency: transitive
    description:
      name: dot_core_ios
      sha256: f5440bb15b74a8c41821ef230ece633d17f1e619f518e5bc36c458fa0d4d06a7
      url: "https://pub.dev"
    source: hosted
    version: "0.10.0"
  dot_core_platform_interface:
    dependency: transitive
    description:
      name: dot_core_platform_interface
      sha256: fa6b07dbc7a423f7014cf65eb571b6348d6fe86ce732d7ef761650f82ab0c332
      url: "https://pub.dev"
    source: hosted
    version: "0.10.0"
  dot_document:
    dependency: "direct main"
    description:
      name: dot_document
      sha256: "6d5fc0cd138bf1b52ba24631047ecd0fe7ae0ebf25bd832d7a23b5097db7efc9"
      url: "https://pub.dev"
    source: hosted
    version: "0.10.0"
  dot_document_android:
    dependency: transitive
    description:
      name: dot_document_android
      sha256: "6c9bddd121542a7d4ca0d6b8774f2f80f6bf162a6fc3e263490f5b99d1fd0394"
      url: "https://pub.dev"
    source: hosted
    version: "0.10.0"
  dot_document_ios:
    dependency: transitive
    description:
      name: dot_document_ios
      sha256: "8a3202799c9a23de4b9265042ed2a13997237df9b114d9dfd92fc8c4d88f6cbc"
      url: "https://pub.dev"
    source: hosted
    version: "0.10.0"
  dot_document_platform_interface:
    dependency: transitive
    description:
      name: dot_document_platform_interface
      sha256: "19a32e215961df137145a181098c80292571dfc9fb232d135935d05fda989ff8"
      url: "https://pub.dev"
    source: hosted
    version: "0.10.0"
  dot_face_commons:
    dependency: transitive
    description:
      name: dot_face_commons
      sha256: be320ed2fbc84fd5f092e0909e870af690faae0854c8f6cccb2b249a500959e2
      url: "https://pub.dev"
    source: hosted
    version: "0.10.0"
  dot_face_core:
    dependency: "direct main"
    description:
      name: dot_face_core
      sha256: "090a5ee4a7e003684e418faed5e0096347459f02758a37bff33ae98be670367e"
      url: "https://pub.dev"
    source: hosted
    version: "0.10.0"
  dot_face_core_android:
    dependency: transitive
    description:
      name: dot_face_core_android
      sha256: c2327247d7679c44c74ae766face329bd3b0f9e22aae679947d93eb6a2518047
      url: "https://pub.dev"
    source: hosted
    version: "0.10.0"
  dot_face_core_ios:
    dependency: transitive
    description:
      name: dot_face_core_ios
      sha256: eefb490e2af10e96c93588e72a2b288bc3685ffbd481aa0e58e090c571fdfe5a
      url: "https://pub.dev"
    source: hosted
    version: "0.10.0"
  dot_face_core_platform_interface:
    dependency: transitive
    description:
      name: dot_face_core_platform_interface
      sha256: "936b1e45959efa8d40cf4eaf719d5888cdad575f3b591f69748f3524166617f5"
      url: "https://pub.dev"
    source: hosted
    version: "0.10.0"
  dot_face_detection_fast:
    dependency: "direct main"
    description:
      name: dot_face_detection_fast
      sha256: bd237a9d9a3d45dc4d55710f1968e6dbc3bbab8ebdd7d4286100a31b7427da27
      url: "https://pub.dev"
    source: hosted
    version: "0.10.0"
  dot_face_detection_fast_android:
    dependency: transitive
    description:
      name: dot_face_detection_fast_android
      sha256: "959d29ac18958cadec431ce7e8280871b0cf63b011c90a62c16cc0e682cc35fd"
      url: "https://pub.dev"
    source: hosted
    version: "0.10.0"
  dot_face_detection_fast_ios:
    dependency: transitive
    description:
      name: dot_face_detection_fast_ios
      sha256: "3427805197830a328d367c7227db881d94ca5b61c6444dcc0738939515d3e5b0"
      url: "https://pub.dev"
    source: hosted
    version: "0.10.0"
  dot_face_detection_fast_platform_interface:
    dependency: transitive
    description:
      name: dot_face_detection_fast_platform_interface
      sha256: "89f45a370f388a726ed5bb2cce495f6e7c7006665dbaacf5250f086e0b149947"
      url: "https://pub.dev"
    source: hosted
    version: "0.10.0"
  dot_face_expression_neutral:
    dependency: "direct main"
    description:
      name: dot_face_expression_neutral
      sha256: ffa317d4384d9f0157a5a11deffc86ba241ea221e4f979b0bccadd723e12a056
      url: "https://pub.dev"
    source: hosted
    version: "0.10.0"
  dot_face_expression_neutral_android:
    dependency: transitive
    description:
      name: dot_face_expression_neutral_android
      sha256: "8aa4bc7fb6555f468c1b29fc1811a40588883850faa7b47b04d21cd3b252aae9"
      url: "https://pub.dev"
    source: hosted
    version: "0.10.0"
  dot_face_expression_neutral_ios:
    dependency: transitive
    description:
      name: dot_face_expression_neutral_ios
      sha256: "377b0ff32d5046b7ff1f65cdbb85beafb7a464cc8cc1c9b8dd5c9bad0eae8c07"
      url: "https://pub.dev"
    source: hosted
    version: "0.10.0"
  dot_face_expression_neutral_platform_interface:
    dependency: transitive
    description:
      name: dot_face_expression_neutral_platform_interface
      sha256: ffdb3bee436a6d689d723a120e0f6ada0ff420b51c4c2634468eaf0f4078af85
      url: "https://pub.dev"
    source: hosted
    version: "0.10.0"
  dot_image:
    dependency: transitive
    description:
      name: dot_image
      sha256: b6f6eb7d6b2badba2faa87400de978297e53734effa766179722e943f6161b7c
      url: "https://pub.dev"
    source: hosted
    version: "0.10.0"
  dot_nfc:
    dependency: "direct main"
    description:
      name: dot_nfc
      sha256: "55b94ca564bb392e19e9ddbbf9120ea383a6dbb2fa47fe01002ca2cb0e45dd42"
      url: "https://pub.dev"
    source: hosted
    version: "0.10.0"
  dot_nfc_android:
    dependency: transitive
    description:
      name: dot_nfc_android
      sha256: "6f502bec600bfd5684364edfb5951487dd782d522fa9a8d46b5b1534a5b425b3"
      url: "https://pub.dev"
    source: hosted
    version: "0.10.0"
  dot_nfc_ios:
    dependency: transitive
    description:
      name: dot_nfc_ios
      sha256: e8991762db76511c2d98b011dcc40adfa2c6d7d4a4102c63a3b282f41706151a
      url: "https://pub.dev"
    source: hosted
    version: "0.10.0"
  dot_nfc_platform_interface:
    dependency: transitive
    description:
      name: dot_nfc_platform_interface
      sha256: "9fe7b93da2172a000bc3b537bf6b34a4776e8362fa8db61aa861ff1f1aa6dad3"
      url: "https://pub.dev"
    source: hosted
    version: "0.10.0"
  fake_async:
    dependency: transitive
    description:
      name: fake_async
      sha256: "5368f224a74523e8d2e7399ea1638b37aecfca824a3cc4dfdf77bf1fa905ac44"
      url: "https://pub.dev"
    source: hosted
    version: "1.3.3"
  ffi:
    dependency: transitive
    description:
      name: ffi
      sha256: "289279317b4b16eb2bb7e271abccd4bf84ec9bdcbe999e278a94b804f5630418"
      url: "https://pub.dev"
    source: hosted
    version: "2.1.4"
  flutter:
    dependency: "direct main"
    description: flutter
    source: sdk
    version: "0.0.0"
  flutter_lints:
    dependency: "direct dev"
    description:
      name: flutter_lints
      sha256: "5398f14efa795ffb7a33e9b6a08798b26a180edac4ad7db3f231e40f82ce11e1"
      url: "https://pub.dev"
    source: hosted
    version: "5.0.0"
  flutter_test:
    dependency: "direct dev"
    description: flutter
    source: sdk
    version: "0.0.0"
  leak_tracker:
    dependency: transitive
    description:
      name: leak_tracker
      sha256: "8dcda04c3fc16c14f48a7bb586d4be1f0d1572731b6d81d51772ef47c02081e0"
      url: "https://pub.dev"
    source: hosted
    version: "11.0.1"
  leak_tracker_flutter_testing:
    dependency: transitive
    description:
      name: leak_tracker_flutter_testing
      sha256: "1dbc140bb5a23c75ea9c4811222756104fbcd1a27173f0c34ca01e16bea473c1"
      url: "https://pub.dev"
    source: hosted
    version: "3.0.10"
  leak_tracker_testing:
    dependency: transitive
    description:
      name: leak_tracker_testing
      sha256: "8d5a2d49f4a66b49744b23b018848400d23e54caf9463f4eb20df3eb8acb2eb1"
      url: "https://pub.dev"
    source: hosted
    version: "3.0.2"
  lints:
    dependency: transitive
    description:
      name: lints
      sha256: c35bb79562d980e9a453fc715854e1ed39e24e7d0297a880ef54e17f9874a9d7
      url: "https://pub.dev"
    source: hosted
    version: "5.1.1"
  matcher:
    dependency: transitive
    description:
      name: matcher
      sha256: dc58c723c3c24bf8d3e2d3ad3f2f9d7bd9cf43ec6feaa64181775e60190153f2
      url: "https://pub.dev"
    source: hosted
    version: "0.12.17"
  material_color_utilities:
    dependency: transitive
    description:
      name: material_color_utilities
      sha256: f7142bb1154231d7ea5f96bc7bde4bda2a0945d2806bb11670e30b850d56bdec
      url: "https://pub.dev"
    source: hosted
    version: "0.11.1"
  meta:
    dependency: transitive
    description:
      name: meta
      sha256: e3641ec5d63ebf0d9b41bd43201a66e3fc79a65db5f61fc181f04cd27aab950c
      url: "https://pub.dev"
    source: hosted
    version: "1.16.0"
  path:
    dependency: transitive
    description:
      name: path
      sha256: "75cca69d1490965be98c73ceaea117e8a04dd21217b37b292c9ddbec0d955bc5"
      url: "https://pub.dev"
    source: hosted
    version: "1.9.1"
  path_provider:
    dependency: "direct main"
    description:
      name: path_provider
      sha256: "50c5dd5b6e1aaf6fb3a78b33f6aa3afca52bf903a8a5298f53101fdaee55bbcd"
      url: "https://pub.dev"
    source: hosted
    version: "2.1.5"
  path_provider_android:
    dependency: transitive
    description:
      name: path_provider_android
      sha256: "993381400e94d18469750e5b9dcb8206f15bc09f9da86b9e44a9b0092a0066db"
      url: "https://pub.dev"
    source: hosted
    version: "2.2.18"
  path_provider_foundation:
    dependency: transitive
    description:
      name: path_provider_foundation
      sha256: "16eef174aacb07e09c351502740fa6254c165757638eba1e9116b0a781201bbd"
      url: "https://pub.dev"
    source: hosted
    version: "2.4.2"
  path_provider_linux:
    dependency: transitive
    description:
      name: path_provider_linux
      sha256: f7a1fe3a634fe7734c8d3f2766ad746ae2a2884abe22e241a8b301bf5cac3279
      url: "https://pub.dev"
    source: hosted
    version: "2.2.1"
  path_provider_platform_interface:
    dependency: transitive
    description:
      name: path_provider_platform_interface
      sha256: "88f5779f72ba699763fa3a3b06aa4bf6de76c8e5de842cf6f29e2e06476c2334"
      url: "https://pub.dev"
    source: hosted
    version: "2.1.2"
  path_provider_windows:
    dependency: transitive
    description:
      name: path_provider_windows
      sha256: bd6f00dbd873bfb70d0761682da2b3a2c2fccc2b9e84c495821639601d81afe7
      url: "https://pub.dev"
    source: hosted
    version: "2.3.0"
  platform:
    dependency: transitive
    description:
      name: platform
      sha256: "5d6b1b0036a5f331ebc77c850ebc8506cbc1e9416c27e59b439f917a902a4984"
      url: "https://pub.dev"
    source: hosted
    version: "3.1.6"
  plugin_platform_interface:
    dependency: transitive
    description:
      name: plugin_platform_interface
      sha256: "4820fbfdb9478b1ebae27888254d445073732dae3d6ea81f0b7e06d5dedc3f02"
      url: "https://pub.dev"
    source: hosted
    version: "2.1.8"
  sky_engine:
    dependency: transitive
    description: flutter
    source: sdk
    version: "0.0.0"
  source_span:
    dependency: transitive
    description:
      name: source_span
      sha256: "254ee5351d6cb365c859e20ee823c3bb479bf4a293c22d17a9f1bf144ce86f7c"
      url: "https://pub.dev"
    source: hosted
    version: "1.10.1"
  stack_trace:
    dependency: transitive
    description:
      name: stack_trace
      sha256: "8b27215b45d22309b5cddda1aa2b19bdfec9df0e765f2de506401c071d38d1b1"
      url: "https://pub.dev"
    source: hosted
    version: "1.12.1"
  stream_channel:
    dependency: transitive
    description:
      name: stream_channel
      sha256: "969e04c80b8bcdf826f8f16579c7b14d780458bd97f56d107d3950fdbeef059d"
      url: "https://pub.dev"
    source: hosted
    version: "2.1.4"
  string_scanner:
    dependency: transitive
    description:
      name: string_scanner
      sha256: "921cd31725b72fe181906c6a94d987c78e3b98c2e205b397ea399d4054872b43"
      url: "https://pub.dev"
    source: hosted
    version: "1.4.1"
  term_glyph:
    dependency: transitive
    description:
      name: term_glyph
      sha256: "7f554798625ea768a7518313e58f83891c7f5024f88e46e7182a4558850a4b8e"
      url: "https://pub.dev"
    source: hosted
    version: "1.2.2"
  test_api:
    dependency: transitive
    description:
      name: test_api
      sha256: "522f00f556e73044315fa4585ec3270f1808a4b186c936e612cab0b565ff1e00"
      url: "https://pub.dev"
    source: hosted
    version: "0.7.6"
  vector_math:
    dependency: transitive
    description:
      name: vector_math
      sha256: d530bd74fea330e6e364cda7a85019c434070188383e1cd8d9777ee586914c5b
      url: "https://pub.dev"
    source: hosted
    version: "2.2.0"
  vm_service:
    dependency: transitive
    description:
      name: vm_service
      sha256: "45caa6c5917fa127b5dbcfbd1fa60b14e583afdc08bfc96dda38886ca252eb60"
      url: "https://pub.dev"
    source: hosted
    version: "15.0.2"
  xdg_directories:
    dependency: transitive
    description:
      name: xdg_directories
      sha256: "7a3f37b05d989967cdddcbb571f1ea834867ae2faa29725fd085180e0883aa15"
      url: "https://pub.dev"
    source: hosted
    version: "1.1.0"
sdks:
  dart: ">=3.8.0-0 <4.0.0"
  flutter: ">=3.29.0"
