# Generated by pub
# See https://dart.dev/tools/pub/glossary#lockfile
packages:
  async:
    dependency: transitive
    description:
      name: async
      sha256: "758e6d74e971c3e5aceb4110bfd6698efc7f501675bcfe0c775459a8140750eb"
      url: "https://pub.dev"
    source: hosted
    version: "2.13.0"
  boolean_selector:
    dependency: transitive
    description:
      name: boolean_selector
      sha256: "8aab1771e1243a5063b8b0ff68042d67334e3feab9e95b9490f9a6ebf73b42ea"
      url: "https://pub.dev"
    source: hosted
    version: "2.1.2"
  characters:
    dependency: transitive
    description:
      name: characters
      sha256: f71061c654a3380576a52b451dd5532377954cf9dbd272a78fc8479606670803
      url: "https://pub.dev"
    source: hosted
    version: "1.4.0"
  clock:
    dependency: transitive
    description:
      name: clock
      sha256: fddb70d9b5277016c77a80201021d40a2247104d9f4aa7bab7157b7e3f05b84b
      url: "https://pub.dev"
    source: hosted
    version: "1.1.2"
  collection:
    dependency: transitive
    description:
      name: collection
      sha256: "2f5709ae4d3d59dd8f7cd309b4e023046b57d8a6c82130785d2b0e5868084e76"
      url: "https://pub.dev"
    source: hosted
    version: "1.19.1"
  dot_camera:
    dependency: transitive
    description:
      name: dot_camera
      sha256: "348259d3fa3439a753ac1c49cca1e2cfb7008d28d3d24d1d51a3b4b81e98c93f"
      url: "https://pub.dev"
    source: hosted
    version: "0.9.2"
  dot_core:
    dependency: transitive
    description:
      name: dot_core
      sha256: bdb8cb1d0bbd39bd3d627f68200782756de0949b930e78b944ab45be5091f23e
      url: "https://pub.dev"
    source: hosted
    version: "0.9.2"
  dot_core_android:
    dependency: transitive
    description:
      name: dot_core_android
      sha256: d81de2186fd0b9c7a163658818972bcc1c7b43362377d9a51ba06355f615f83e
      url: "https://pub.dev"
    source: hosted
    version: "0.9.2"
  dot_core_ios:
    dependency: transitive
    description:
      name: dot_core_ios
      sha256: "210a45ac70d0fa9252ce679dcbb0a4ef0484c66917cea1297ba516c526951e21"
      url: "https://pub.dev"
    source: hosted
    version: "0.9.2"
  dot_core_platform_interface:
    dependency: transitive
    description:
      name: dot_core_platform_interface
      sha256: "1e5d89198722292ad3961535dc5a473769ebaef72a09cf4c6facf3aa9059e1cd"
      url: "https://pub.dev"
    source: hosted
    version: "0.9.2"
  dot_document:
    dependency: "direct main"
    description:
      name: dot_document
      sha256: a22637da0aa53e78b9e3e574a3e368b5ee5f35c734f996fa00da2a0ed1a2e559
      url: "https://pub.dev"
    source: hosted
    version: "0.9.2"
  dot_document_android:
    dependency: transitive
    description:
      name: dot_document_android
      sha256: "7027361d7b34f4e10e0186d3ce32b537ad774ad409a93085848a239c2a5e58a2"
      url: "https://pub.dev"
    source: hosted
    version: "0.9.2"
  dot_document_ios:
    dependency: transitive
    description:
      name: dot_document_ios
      sha256: ff3bf10d01043ef13be816d6c1697ddf81187870e6d0d6b2f6ffc2ec2b211084
      url: "https://pub.dev"
    source: hosted
    version: "0.9.2"
  dot_document_platform_interface:
    dependency: transitive
    description:
      name: dot_document_platform_interface
      sha256: "8f5c1f1d245754205b3358b6c86350bcb356c83ff1c806848ff70f212e444091"
      url: "https://pub.dev"
    source: hosted
    version: "0.9.2"
  dot_face_commons:
    dependency: transitive
    description:
      name: dot_face_commons
      sha256: db96c550377cce843060b5c5f8dcf648096222f7f3f31c07c15982c356209047
      url: "https://pub.dev"
    source: hosted
    version: "0.9.2"
  dot_face_core:
    dependency: "direct main"
    description:
      name: dot_face_core
      sha256: "58fd555c88d51c74ffbbc195110e8aa8890877b440465522beca154ea0975f18"
      url: "https://pub.dev"
    source: hosted
    version: "0.9.2"
  dot_face_core_android:
    dependency: transitive
    description:
      name: dot_face_core_android
      sha256: "9e7be98f1ee74ecb7ce478b524f1acf119ff028601ae1830acc2a8215c68f2f6"
      url: "https://pub.dev"
    source: hosted
    version: "0.9.2"
  dot_face_core_ios:
    dependency: transitive
    description:
      name: dot_face_core_ios
      sha256: "0af7b2e73e4cb00bee2c9b80a395e05d123df4d50ae0dca5f1ebf97b31571842"
      url: "https://pub.dev"
    source: hosted
    version: "0.9.2"
  dot_face_core_platform_interface:
    dependency: transitive
    description:
      name: dot_face_core_platform_interface
      sha256: "3b7f07b7f4918b784613f9c10f0b98ee2bdee17fd6feb5f43ac97bafe2e92303"
      url: "https://pub.dev"
    source: hosted
    version: "0.9.2"
  dot_face_detection_fast:
    dependency: "direct main"
    description:
      name: dot_face_detection_fast
      sha256: fd4a6c9f8b303cebd840b843ac7638c82b5eec2f557076e78b0e3937f91152b0
      url: "https://pub.dev"
    source: hosted
    version: "0.9.2"
  dot_face_detection_fast_android:
    dependency: transitive
    description:
      name: dot_face_detection_fast_android
      sha256: "1085135a6ced77ccfc5d73a1b51606a2a38ff2b0b9e0ad7f93110bf751a75287"
      url: "https://pub.dev"
    source: hosted
    version: "0.9.2"
  dot_face_detection_fast_ios:
    dependency: transitive
    description:
      name: dot_face_detection_fast_ios
      sha256: bbdd99b8f6d4e01dc1786b5fb0c5e5048b412984803bb2510bcce45a23920620
      url: "https://pub.dev"
    source: hosted
    version: "0.9.2"
  dot_face_detection_fast_platform_interface:
    dependency: transitive
    description:
      name: dot_face_detection_fast_platform_interface
      sha256: "7d60764d0c7f1eade180a8bc56a941a13d2f0f34ed3303af67d5cf494a1450a3"
      url: "https://pub.dev"
    source: hosted
    version: "0.9.2"
  dot_face_expression_neutral:
    dependency: "direct main"
    description:
      name: dot_face_expression_neutral
      sha256: e883dfd2da6e9feabb26fcc60c4c9cce9e298c86a0e6af0cff5a73602b3827c8
      url: "https://pub.dev"
    source: hosted
    version: "0.9.2"
  dot_face_expression_neutral_android:
    dependency: transitive
    description:
      name: dot_face_expression_neutral_android
      sha256: d0d24172076602be8bdb9f528230656c3285c2564986a8e624c623ee43939bde
      url: "https://pub.dev"
    source: hosted
    version: "0.9.2"
  dot_face_expression_neutral_ios:
    dependency: transitive
    description:
      name: dot_face_expression_neutral_ios
      sha256: fb10356d605918aeddca38e6c1e7e42a8e893eed01a410cf17a709d3d4eebfd0
      url: "https://pub.dev"
    source: hosted
    version: "0.9.2"
  dot_face_expression_neutral_platform_interface:
    dependency: transitive
    description:
      name: dot_face_expression_neutral_platform_interface
      sha256: d52df08df14f9439ac5a1363980b93a00a4a11e64054364023718881de7b32fa
      url: "https://pub.dev"
    source: hosted
    version: "0.9.2"
  dot_image:
    dependency: transitive
    description:
      name: dot_image
      sha256: "0c60bb24aee873c4c90414038fc2d1a0d1cc69b6b4e36d69f1bfb71dc9da50d2"
      url: "https://pub.dev"
    source: hosted
    version: "0.9.2"
  dot_nfc:
    dependency: "direct main"
    description:
      name: dot_nfc
      sha256: "4b44a39805f364bd2cdd95391aa95e94c59143a55f302babc07e47e24c55ab9c"
      url: "https://pub.dev"
    source: hosted
    version: "0.9.2"
  dot_nfc_android:
    dependency: transitive
    description:
      name: dot_nfc_android
      sha256: "8a77bda7d5a2ecb6123d878e9cc0f27c7368e54a522d82f1be9394cf5b64eafd"
      url: "https://pub.dev"
    source: hosted
    version: "0.9.2"
  dot_nfc_ios:
    dependency: transitive
    description:
      name: dot_nfc_ios
      sha256: "37b28c5f3796ee3c5bdd4acf23266f70ae1a30adafe1fa0b22b5bc801fb57b00"
      url: "https://pub.dev"
    source: hosted
    version: "0.9.2"
  dot_nfc_platform_interface:
    dependency: transitive
    description:
      name: dot_nfc_platform_interface
      sha256: "57f25de1665831dcbdfb8bc8cd039f9996bdc3eaa2a99837a56ac51630024880"
      url: "https://pub.dev"
    source: hosted
    version: "0.9.2"
  fake_async:
    dependency: transitive
    description:
      name: fake_async
      sha256: "5368f224a74523e8d2e7399ea1638b37aecfca824a3cc4dfdf77bf1fa905ac44"
      url: "https://pub.dev"
    source: hosted
    version: "1.3.3"
  ffi:
    dependency: transitive
    description:
      name: ffi
      sha256: "289279317b4b16eb2bb7e271abccd4bf84ec9bdcbe999e278a94b804f5630418"
      url: "https://pub.dev"
    source: hosted
    version: "2.1.4"
  flutter:
    dependency: "direct main"
    description: flutter
    source: sdk
    version: "0.0.0"
  flutter_lints:
    dependency: "direct dev"
    description:
      name: flutter_lints
      sha256: "5398f14efa795ffb7a33e9b6a08798b26a180edac4ad7db3f231e40f82ce11e1"
      url: "https://pub.dev"
    source: hosted
    version: "5.0.0"
  flutter_test:
    dependency: "direct dev"
    description: flutter
    source: sdk
    version: "0.0.0"
  leak_tracker:
    dependency: transitive
    description:
      name: leak_tracker
      sha256: "8dcda04c3fc16c14f48a7bb586d4be1f0d1572731b6d81d51772ef47c02081e0"
      url: "https://pub.dev"
    source: hosted
    version: "11.0.1"
  leak_tracker_flutter_testing:
    dependency: transitive
    description:
      name: leak_tracker_flutter_testing
      sha256: "1dbc140bb5a23c75ea9c4811222756104fbcd1a27173f0c34ca01e16bea473c1"
      url: "https://pub.dev"
    source: hosted
    version: "3.0.10"
  leak_tracker_testing:
    dependency: transitive
    description:
      name: leak_tracker_testing
      sha256: "8d5a2d49f4a66b49744b23b018848400d23e54caf9463f4eb20df3eb8acb2eb1"
      url: "https://pub.dev"
    source: hosted
    version: "3.0.2"
  lints:
    dependency: transitive
    description:
      name: lints
      sha256: c35bb79562d980e9a453fc715854e1ed39e24e7d0297a880ef54e17f9874a9d7
      url: "https://pub.dev"
    source: hosted
    version: "5.1.1"
  matcher:
    dependency: transitive
    description:
      name: matcher
      sha256: dc58c723c3c24bf8d3e2d3ad3f2f9d7bd9cf43ec6feaa64181775e60190153f2
      url: "https://pub.dev"
    source: hosted
    version: "0.12.17"
  material_color_utilities:
    dependency: transitive
    description:
      name: material_color_utilities
      sha256: f7142bb1154231d7ea5f96bc7bde4bda2a0945d2806bb11670e30b850d56bdec
      url: "https://pub.dev"
    source: hosted
    version: "0.11.1"
  meta:
    dependency: transitive
    description:
      name: meta
      sha256: e3641ec5d63ebf0d9b41bd43201a66e3fc79a65db5f61fc181f04cd27aab950c
      url: "https://pub.dev"
    source: hosted
    version: "1.16.0"
  path:
    dependency: transitive
    description:
      name: path
      sha256: "75cca69d1490965be98c73ceaea117e8a04dd21217b37b292c9ddbec0d955bc5"
      url: "https://pub.dev"
    source: hosted
    version: "1.9.1"
  path_provider:
    dependency: "direct main"
    description:
      name: path_provider
      sha256: "50c5dd5b6e1aaf6fb3a78b33f6aa3afca52bf903a8a5298f53101fdaee55bbcd"
      url: "https://pub.dev"
    source: hosted
    version: "2.1.5"
  path_provider_android:
    dependency: transitive
    description:
      name: path_provider_android
      sha256: "993381400e94d18469750e5b9dcb8206f15bc09f9da86b9e44a9b0092a0066db"
      url: "https://pub.dev"
    source: hosted
    version: "2.2.18"
  path_provider_foundation:
    dependency: transitive
    description:
      name: path_provider_foundation
      sha256: "16eef174aacb07e09c351502740fa6254c165757638eba1e9116b0a781201bbd"
      url: "https://pub.dev"
    source: hosted
    version: "2.4.2"
  path_provider_linux:
    dependency: transitive
    description:
      name: path_provider_linux
      sha256: f7a1fe3a634fe7734c8d3f2766ad746ae2a2884abe22e241a8b301bf5cac3279
      url: "https://pub.dev"
    source: hosted
    version: "2.2.1"
  path_provider_platform_interface:
    dependency: transitive
    description:
      name: path_provider_platform_interface
      sha256: "88f5779f72ba699763fa3a3b06aa4bf6de76c8e5de842cf6f29e2e06476c2334"
      url: "https://pub.dev"
    source: hosted
    version: "2.1.2"
  path_provider_windows:
    dependency: transitive
    description:
      name: path_provider_windows
      sha256: bd6f00dbd873bfb70d0761682da2b3a2c2fccc2b9e84c495821639601d81afe7
      url: "https://pub.dev"
    source: hosted
    version: "2.3.0"
  platform:
    dependency: transitive
    description:
      name: platform
      sha256: "5d6b1b0036a5f331ebc77c850ebc8506cbc1e9416c27e59b439f917a902a4984"
      url: "https://pub.dev"
    source: hosted
    version: "3.1.6"
  plugin_platform_interface:
    dependency: transitive
    description:
      name: plugin_platform_interface
      sha256: "4820fbfdb9478b1ebae27888254d445073732dae3d6ea81f0b7e06d5dedc3f02"
      url: "https://pub.dev"
    source: hosted
    version: "2.1.8"
  sky_engine:
    dependency: transitive
    description: flutter
    source: sdk
    version: "0.0.0"
  source_span:
    dependency: transitive
    description:
      name: source_span
      sha256: "254ee5351d6cb365c859e20ee823c3bb479bf4a293c22d17a9f1bf144ce86f7c"
      url: "https://pub.dev"
    source: hosted
    version: "1.10.1"
  stack_trace:
    dependency: transitive
    description:
      name: stack_trace
      sha256: "8b27215b45d22309b5cddda1aa2b19bdfec9df0e765f2de506401c071d38d1b1"
      url: "https://pub.dev"
    source: hosted
    version: "1.12.1"
  stream_channel:
    dependency: transitive
    description:
      name: stream_channel
      sha256: "969e04c80b8bcdf826f8f16579c7b14d780458bd97f56d107d3950fdbeef059d"
      url: "https://pub.dev"
    source: hosted
    version: "2.1.4"
  string_scanner:
    dependency: transitive
    description:
      name: string_scanner
      sha256: "921cd31725b72fe181906c6a94d987c78e3b98c2e205b397ea399d4054872b43"
      url: "https://pub.dev"
    source: hosted
    version: "1.4.1"
  term_glyph:
    dependency: transitive
    description:
      name: term_glyph
      sha256: "7f554798625ea768a7518313e58f83891c7f5024f88e46e7182a4558850a4b8e"
      url: "https://pub.dev"
    source: hosted
    version: "1.2.2"
  test_api:
    dependency: transitive
    description:
      name: test_api
      sha256: "522f00f556e73044315fa4585ec3270f1808a4b186c936e612cab0b565ff1e00"
      url: "https://pub.dev"
    source: hosted
    version: "0.7.6"
  vector_math:
    dependency: transitive
    description:
      name: vector_math
      sha256: d530bd74fea330e6e364cda7a85019c434070188383e1cd8d9777ee586914c5b
      url: "https://pub.dev"
    source: hosted
    version: "2.2.0"
  vm_service:
    dependency: transitive
    description:
      name: vm_service
      sha256: "45caa6c5917fa127b5dbcfbd1fa60b14e583afdc08bfc96dda38886ca252eb60"
      url: "https://pub.dev"
    source: hosted
    version: "15.0.2"
  xdg_directories:
    dependency: transitive
    description:
      name: xdg_directories
      sha256: "7a3f37b05d989967cdddcbb571f1ea834867ae2faa29725fd085180e0883aa15"
      url: "https://pub.dev"
    source: hosted
    version: "1.1.0"
sdks:
  dart: ">=3.8.0-0 <4.0.0"
  flutter: ">=3.29.0"
