# Generated by pub
# See https://dart.dev/tools/pub/glossary#lockfile
packages:
  async:
    dependency: transitive
    description:
      name: async
      sha256: "758e6d74e971c3e5aceb4110bfd6698efc7f501675bcfe0c775459a8140750eb"
      url: "https://pub.dev"
    source: hosted
    version: "2.13.0"
  boolean_selector:
    dependency: transitive
    description:
      name: boolean_selector
      sha256: "8aab1771e1243a5063b8b0ff68042d67334e3feab9e95b9490f9a6ebf73b42ea"
      url: "https://pub.dev"
    source: hosted
    version: "2.1.2"
  characters:
    dependency: transitive
    description:
      name: characters
      sha256: f71061c654a3380576a52b451dd5532377954cf9dbd272a78fc8479606670803
      url: "https://pub.dev"
    source: hosted
    version: "1.4.0"
  clock:
    dependency: transitive
    description:
      name: clock
      sha256: fddb70d9b5277016c77a80201021d40a2247104d9f4aa7bab7157b7e3f05b84b
      url: "https://pub.dev"
    source: hosted
    version: "1.1.2"
  collection:
    dependency: transitive
    description:
      name: collection
      sha256: "2f5709ae4d3d59dd8f7cd309b4e023046b57d8a6c82130785d2b0e5868084e76"
      url: "https://pub.dev"
    source: hosted
    version: "1.19.1"
  dot_camera:
    dependency: transitive
    description:
      name: dot_camera
      sha256: dabaf5d2cf6e04e20e398f0f21cbfa3e9b318a8c4af59addb6918930a69b9056
      url: "https://pub.dev"
    source: hosted
    version: "0.10.2"
  dot_core:
    dependency: transitive
    description:
      name: dot_core
      sha256: "279b3e9aec836a72d68bede049469e9ba77f72e14a2402570491e96eb5a532b3"
      url: "https://pub.dev"
    source: hosted
    version: "0.10.2"
  dot_core_android:
    dependency: transitive
    description:
      name: dot_core_android
      sha256: bbbe1a5dd574142b8a5791294659c5a73e49e332ee7abc3540ee897368de7b50
      url: "https://pub.dev"
    source: hosted
    version: "0.10.2"
  dot_core_ios:
    dependency: transitive
    description:
      name: dot_core_ios
      sha256: "7b7f8e90cda1de547461e71c46793342a125009d96361e968770198551445293"
      url: "https://pub.dev"
    source: hosted
    version: "0.10.2"
  dot_core_platform_interface:
    dependency: transitive
    description:
      name: dot_core_platform_interface
      sha256: "9a99386845d35d0df9bb643379a2624c963304eaa77bae94b8396685ec7bde70"
      url: "https://pub.dev"
    source: hosted
    version: "0.10.2"
  dot_document:
    dependency: "direct main"
    description:
      name: dot_document
      sha256: "368bceb83d367d7a5689bebbe0648342922090d872aec672d81386299fab3748"
      url: "https://pub.dev"
    source: hosted
    version: "0.10.2"
  dot_document_android:
    dependency: transitive
    description:
      name: dot_document_android
      sha256: "70a18c93c424c5c2e0c689c4ef7f1976fc13ef6d5b1f4361757175c3cdb3c9b2"
      url: "https://pub.dev"
    source: hosted
    version: "0.10.2"
  dot_document_ios:
    dependency: transitive
    description:
      name: dot_document_ios
      sha256: "81c578feaaee68feb1aa3aba3db64a8756e093abfb72d2d81005c3faf9c8ca4a"
      url: "https://pub.dev"
    source: hosted
    version: "0.10.2"
  dot_document_platform_interface:
    dependency: transitive
    description:
      name: dot_document_platform_interface
      sha256: ec43123c003613836c0c99a0471a2fe26d33f446caaebb9a34152622a47f3eff
      url: "https://pub.dev"
    source: hosted
    version: "0.10.2"
  dot_face_commons:
    dependency: transitive
    description:
      name: dot_face_commons
      sha256: "4ac4d246d196ec98262885d9838bb627cd5866bb6429d0623b392b20dd9d68e9"
      url: "https://pub.dev"
    source: hosted
    version: "0.10.2"
  dot_face_core:
    dependency: "direct main"
    description:
      name: dot_face_core
      sha256: "52ad8822b6ad6de3a723201807d61d8e33962350176b205504f4196d4ed24c70"
      url: "https://pub.dev"
    source: hosted
    version: "0.10.2"
  dot_face_core_android:
    dependency: transitive
    description:
      name: dot_face_core_android
      sha256: "793e8d5390794513395495f398a889382d34e22329828a68d906e123102fca34"
      url: "https://pub.dev"
    source: hosted
    version: "0.10.2"
  dot_face_core_ios:
    dependency: transitive
    description:
      name: dot_face_core_ios
      sha256: d49590d74c7592d97df5c0ff798170216693b7f33b4e1c0fd1ede92022129654
      url: "https://pub.dev"
    source: hosted
    version: "0.10.2"
  dot_face_core_platform_interface:
    dependency: transitive
    description:
      name: dot_face_core_platform_interface
      sha256: c58f607ad99160f5020e8009bb507bfc58f918eb7dc2feb2903d38da9952b541
      url: "https://pub.dev"
    source: hosted
    version: "0.10.2"
  dot_face_detection_fast:
    dependency: "direct main"
    description:
      name: dot_face_detection_fast
      sha256: "141cc2faeb0e107dafe4992da54cfb12d2d78347ca1ae8ee2385af4a2fc1d5f8"
      url: "https://pub.dev"
    source: hosted
    version: "0.10.2"
  dot_face_detection_fast_android:
    dependency: transitive
    description:
      name: dot_face_detection_fast_android
      sha256: "3a33983a504aaea7b1070b4f5fa7a1ebe1cddc1a550c508a715834ada7f5c48f"
      url: "https://pub.dev"
    source: hosted
    version: "0.10.2"
  dot_face_detection_fast_ios:
    dependency: transitive
    description:
      name: dot_face_detection_fast_ios
      sha256: "4e5286276f5d83862131a7294ada18000fa75477dd537bf4b9275a0eb29e9241"
      url: "https://pub.dev"
    source: hosted
    version: "0.10.2"
  dot_face_detection_fast_platform_interface:
    dependency: transitive
    description:
      name: dot_face_detection_fast_platform_interface
      sha256: "971c463a7a721425279bef7efc466a09e60c9b23da7e08a0f0edb5f816c7d9f6"
      url: "https://pub.dev"
    source: hosted
    version: "0.10.2"
  dot_face_expression_neutral:
    dependency: "direct main"
    description:
      name: dot_face_expression_neutral
      sha256: "45543ccd98de7e2f0105cf0a382378da9c17e1f59109c16f360c24b5ab6b2e34"
      url: "https://pub.dev"
    source: hosted
    version: "0.10.2"
  dot_face_expression_neutral_android:
    dependency: transitive
    description:
      name: dot_face_expression_neutral_android
      sha256: "1cf75373f84ed3f0096d818b610f310067dcad4102d365526dda647e29455c67"
      url: "https://pub.dev"
    source: hosted
    version: "0.10.2"
  dot_face_expression_neutral_ios:
    dependency: transitive
    description:
      name: dot_face_expression_neutral_ios
      sha256: f4a004b34da7aedca33928458136ace3268d6d020da35f81bce7717b82a41086
      url: "https://pub.dev"
    source: hosted
    version: "0.10.2"
  dot_face_expression_neutral_platform_interface:
    dependency: transitive
    description:
      name: dot_face_expression_neutral_platform_interface
      sha256: b95021e3f4309ceff41a90c2c27bce05d3e233493d3ddfad2ae9283713a57bd2
      url: "https://pub.dev"
    source: hosted
    version: "0.10.2"
  dot_image:
    dependency: transitive
    description:
      name: dot_image
      sha256: "1e823e965e2754386aadc54192694e1cc32b2b4ff34e192c715f769385300990"
      url: "https://pub.dev"
    source: hosted
    version: "0.10.2"
  dot_nfc:
    dependency: "direct main"
    description:
      name: dot_nfc
      sha256: "9eb7ddb53f7fbd1151368311318d0d1d645744bb848420851b431cabf8e1af51"
      url: "https://pub.dev"
    source: hosted
    version: "0.10.2"
  dot_nfc_android:
    dependency: transitive
    description:
      name: dot_nfc_android
      sha256: "78fa6236088dd4669812765249cce2b15bcd0900961221e42ceb4b64e820d526"
      url: "https://pub.dev"
    source: hosted
    version: "0.10.2"
  dot_nfc_ios:
    dependency: transitive
    description:
      name: dot_nfc_ios
      sha256: "65965a270efca3dc8460648cf1b7f501056008c394c0fe8a317e866fab03fbd6"
      url: "https://pub.dev"
    source: hosted
    version: "0.10.2"
  dot_nfc_platform_interface:
    dependency: transitive
    description:
      name: dot_nfc_platform_interface
      sha256: "283fedc4f5fa47b7ceaee8f29b3363949d88a4c64841e8b8c0758153d1a51d22"
      url: "https://pub.dev"
    source: hosted
    version: "0.10.2"
  fake_async:
    dependency: transitive
    description:
      name: fake_async
      sha256: "5368f224a74523e8d2e7399ea1638b37aecfca824a3cc4dfdf77bf1fa905ac44"
      url: "https://pub.dev"
    source: hosted
    version: "1.3.3"
  ffi:
    dependency: transitive
    description:
      name: ffi
      sha256: "289279317b4b16eb2bb7e271abccd4bf84ec9bdcbe999e278a94b804f5630418"
      url: "https://pub.dev"
    source: hosted
    version: "2.1.4"
  flutter:
    dependency: "direct main"
    description: flutter
    source: sdk
    version: "0.0.0"
  flutter_lints:
    dependency: "direct dev"
    description:
      name: flutter_lints
      sha256: "5398f14efa795ffb7a33e9b6a08798b26a180edac4ad7db3f231e40f82ce11e1"
      url: "https://pub.dev"
    source: hosted
    version: "5.0.0"
  flutter_test:
    dependency: "direct dev"
    description: flutter
    source: sdk
    version: "0.0.0"
  leak_tracker:
    dependency: transitive
    description:
      name: leak_tracker
      sha256: "33e2e26bdd85a0112ec15400c8cbffea70d0f9c3407491f672a2fad47915e2de"
      url: "https://pub.dev"
    source: hosted
    version: "11.0.2"
  leak_tracker_flutter_testing:
    dependency: transitive
    description:
      name: leak_tracker_flutter_testing
      sha256: "1dbc140bb5a23c75ea9c4811222756104fbcd1a27173f0c34ca01e16bea473c1"
      url: "https://pub.dev"
    source: hosted
    version: "3.0.10"
  leak_tracker_testing:
    dependency: transitive
    description:
      name: leak_tracker_testing
      sha256: "8d5a2d49f4a66b49744b23b018848400d23e54caf9463f4eb20df3eb8acb2eb1"
      url: "https://pub.dev"
    source: hosted
    version: "3.0.2"
  lints:
    dependency: transitive
    description:
      name: lints
      sha256: c35bb79562d980e9a453fc715854e1ed39e24e7d0297a880ef54e17f9874a9d7
      url: "https://pub.dev"
    source: hosted
    version: "5.1.1"
  matcher:
    dependency: transitive
    description:
      name: matcher
      sha256: dc58c723c3c24bf8d3e2d3ad3f2f9d7bd9cf43ec6feaa64181775e60190153f2
      url: "https://pub.dev"
    source: hosted
    version: "0.12.17"
  material_color_utilities:
    dependency: transitive
    description:
      name: material_color_utilities
      sha256: f7142bb1154231d7ea5f96bc7bde4bda2a0945d2806bb11670e30b850d56bdec
      url: "https://pub.dev"
    source: hosted
    version: "0.11.1"
  meta:
    dependency: transitive
    description:
      name: meta
      sha256: e3641ec5d63ebf0d9b41bd43201a66e3fc79a65db5f61fc181f04cd27aab950c
      url: "https://pub.dev"
    source: hosted
    version: "1.16.0"
  path:
    dependency: transitive
    description:
      name: path
      sha256: "75cca69d1490965be98c73ceaea117e8a04dd21217b37b292c9ddbec0d955bc5"
      url: "https://pub.dev"
    source: hosted
    version: "1.9.1"
  path_provider:
    dependency: "direct main"
    description:
      name: path_provider
      sha256: "50c5dd5b6e1aaf6fb3a78b33f6aa3afca52bf903a8a5298f53101fdaee55bbcd"
      url: "https://pub.dev"
    source: hosted
    version: "2.1.5"
  path_provider_android:
    dependency: transitive
    description:
      name: path_provider_android
      sha256: e122c5ea805bb6773bb12ce667611265980940145be920cd09a4b0ec0285cb16
      url: "https://pub.dev"
    source: hosted
    version: "2.2.20"
  path_provider_foundation:
    dependency: transitive
    description:
      name: path_provider_foundation
      sha256: efaec349ddfc181528345c56f8eda9d6cccd71c177511b132c6a0ddaefaa2738
      url: "https://pub.dev"
    source: hosted
    version: "2.4.3"
  path_provider_linux:
    dependency: transitive
    description:
      name: path_provider_linux
      sha256: f7a1fe3a634fe7734c8d3f2766ad746ae2a2884abe22e241a8b301bf5cac3279
      url: "https://pub.dev"
    source: hosted
    version: "2.2.1"
  path_provider_platform_interface:
    dependency: transitive
    description:
      name: path_provider_platform_interface
      sha256: "88f5779f72ba699763fa3a3b06aa4bf6de76c8e5de842cf6f29e2e06476c2334"
      url: "https://pub.dev"
    source: hosted
    version: "2.1.2"
  path_provider_windows:
    dependency: transitive
    description:
      name: path_provider_windows
      sha256: bd6f00dbd873bfb70d0761682da2b3a2c2fccc2b9e84c495821639601d81afe7
      url: "https://pub.dev"
    source: hosted
    version: "2.3.0"
  platform:
    dependency: transitive
    description:
      name: platform
      sha256: "5d6b1b0036a5f331ebc77c850ebc8506cbc1e9416c27e59b439f917a902a4984"
      url: "https://pub.dev"
    source: hosted
    version: "3.1.6"
  plugin_platform_interface:
    dependency: transitive
    description:
      name: plugin_platform_interface
      sha256: "4820fbfdb9478b1ebae27888254d445073732dae3d6ea81f0b7e06d5dedc3f02"
      url: "https://pub.dev"
    source: hosted
    version: "2.1.8"
  sky_engine:
    dependency: transitive
    description: flutter
    source: sdk
    version: "0.0.0"
  source_span:
    dependency: transitive
    description:
      name: source_span
      sha256: "254ee5351d6cb365c859e20ee823c3bb479bf4a293c22d17a9f1bf144ce86f7c"
      url: "https://pub.dev"
    source: hosted
    version: "1.10.1"
  stack_trace:
    dependency: transitive
    description:
      name: stack_trace
      sha256: "8b27215b45d22309b5cddda1aa2b19bdfec9df0e765f2de506401c071d38d1b1"
      url: "https://pub.dev"
    source: hosted
    version: "1.12.1"
  stream_channel:
    dependency: transitive
    description:
      name: stream_channel
      sha256: "969e04c80b8bcdf826f8f16579c7b14d780458bd97f56d107d3950fdbeef059d"
      url: "https://pub.dev"
    source: hosted
    version: "2.1.4"
  string_scanner:
    dependency: transitive
    description:
      name: string_scanner
      sha256: "921cd31725b72fe181906c6a94d987c78e3b98c2e205b397ea399d4054872b43"
      url: "https://pub.dev"
    source: hosted
    version: "1.4.1"
  term_glyph:
    dependency: transitive
    description:
      name: term_glyph
      sha256: "7f554798625ea768a7518313e58f83891c7f5024f88e46e7182a4558850a4b8e"
      url: "https://pub.dev"
    source: hosted
    version: "1.2.2"
  test_api:
    dependency: transitive
    description:
      name: test_api
      sha256: "522f00f556e73044315fa4585ec3270f1808a4b186c936e612cab0b565ff1e00"
      url: "https://pub.dev"
    source: hosted
    version: "0.7.6"
  vector_math:
    dependency: transitive
    description:
      name: vector_math
      sha256: d530bd74fea330e6e364cda7a85019c434070188383e1cd8d9777ee586914c5b
      url: "https://pub.dev"
    source: hosted
    version: "2.2.0"
  vm_service:
    dependency: transitive
    description:
      name: vm_service
      sha256: "45caa6c5917fa127b5dbcfbd1fa60b14e583afdc08bfc96dda38886ca252eb60"
      url: "https://pub.dev"
    source: hosted
    version: "15.0.2"
  xdg_directories:
    dependency: transitive
    description:
      name: xdg_directories
      sha256: "7a3f37b05d989967cdddcbb571f1ea834867ae2faa29725fd085180e0883aa15"
      url: "https://pub.dev"
    source: hosted
    version: "1.1.0"
sdks:
  dart: ">=3.9.0 <4.0.0"
  flutter: ">=3.35.0"
